
Microsoft Visual Studio Solution File, Format Version 12.00
# Visual Studio Version 17
VisualStudioVersion = 17.4.33205.214
MinimumVisualStudioVersion = 10.0.40219.1
Project("{2150E333-8FDC-42A3-9474-1A3956D46DE8}") = "src", "src", "{CB76E3F1-5777-4AC7-9F69-B8C25AD54D88}"
EndProject
Project("{2150E333-8FDC-42A3-9474-1A3956D46DE8}") = "tests", "tests", "{C9DCC233-92D3-47EC-BAA6-0569BBF7B102}"
EndProject
Project("{2150E333-8FDC-42A3-9474-1A3956D46DE8}") = "API", "API", "{22316050-0002-4D19-BEEA-A59044886DB4}"
EndProject
Project("{2150E333-8FDC-42A3-9474-1A3956D46DE8}") = "Core", "Core", "{C7F8CE71-A3D4-4970-82A3-2D4C50E5F063}"
EndProject
Project("{2150E333-8FDC-42A3-9474-1A3956D46DE8}") = "Infrastructure", "Infrastructure", "{367B4341-FB9A-488B-81AB-C3837756D770}"
EndProject
Project("{2150E333-8FDC-42A3-9474-1A3956D46DE8}") = "UI", "UI", "{2CEA872C-336E-42C6-84A7-5559412292EF}"
EndProject
Project("{FAE04EC0-301F-11D3-BF4B-00C04F79EFBC}") = "THT.MovieApp.Api", "THT.MovieApp.Api\THT.MovieApp.Api.csproj", "{EAB201A9-FCC4-4E77-B848-C1D27E574278}"
EndProject
Project("{FAE04EC0-301F-11D3-BF4B-00C04F79EFBC}") = "THT.MovieApp.Application", "THT.MovieApp.Application\THT.MovieApp.Application.csproj", "{A33BC399-E2D1-4146-A0D2-E57C104D7F37}"
EndProject
Project("{FAE04EC0-301F-11D3-BF4B-00C04F79EFBC}") = "THT.MovieApp.Domain", "THT.MovieApp.Domain\THT.MovieApp.Domain.csproj", "{2B340A09-24B9-4C42-A7A1-D2B1EFDF44D0}"
EndProject
Project("{FAE04EC0-301F-11D3-BF4B-00C04F79EFBC}") = "THT.MovieApp.Data", "THT.MovieApp.Data\THT.MovieApp.Data.csproj", "{1A2E3E78-D573-4DC9-82B9-C82F070FD010}"
EndProject
Project("{FAE04EC0-301F-11D3-BF4B-00C04F79EFBC}") = "THT.MovieApp.IoC", "THT.MovieApp.IoC\THT.MovieApp.IoC.csproj", "{FB7BB6B8-EC51-408B-A998-82AE28814D23}"
EndProject
Project("{54A90642-561A-4BB1-A94E-469ADEE60C69}") = "THT.MovieApp.AngularApp", "THT.MovieApp.AngularApp\THT.MovieApp.AngularApp.esproj", "{CDAA0C4E-1A3F-48B3-B580-346AE8B2338A}"
EndProject
Project("{FAE04EC0-301F-11D3-BF4B-00C04F79EFBC}") = "THT.MovieApp.UnitTest", "THT.MovieApp.UnitTest\THT.MovieApp.UnitTest.csproj", "{FCEFF42E-780A-4056-A68D-B65A5668A435}"
EndProject
Global
	GlobalSection(SolutionConfigurationPlatforms) = preSolution
		Debug|Any CPU = Debug|Any CPU
		Release|Any CPU = Release|Any CPU
	EndGlobalSection
	GlobalSection(ProjectConfigurationPlatforms) = postSolution
		{EAB201A9-FCC4-4E77-B848-C1D27E574278}.Debug|Any CPU.ActiveCfg = Debug|Any CPU
		{EAB201A9-FCC4-4E77-B848-C1D27E574278}.Debug|Any CPU.Build.0 = Debug|Any CPU
		{EAB201A9-FCC4-4E77-B848-C1D27E574278}.Release|Any CPU.ActiveCfg = Release|Any CPU
		{EAB201A9-FCC4-4E77-B848-C1D27E574278}.Release|Any CPU.Build.0 = Release|Any CPU
		{A33BC399-E2D1-4146-A0D2-E57C104D7F37}.Debug|Any CPU.ActiveCfg = Debug|Any CPU
		{A33BC399-E2D1-4146-A0D2-E57C104D7F37}.Debug|Any CPU.Build.0 = Debug|Any CPU
		{A33BC399-E2D1-4146-A0D2-E57C104D7F37}.Release|Any CPU.ActiveCfg = Release|Any CPU
		{A33BC399-E2D1-4146-A0D2-E57C104D7F37}.Release|Any CPU.Build.0 = Release|Any CPU
		{2B340A09-24B9-4C42-A7A1-D2B1EFDF44D0}.Debug|Any CPU.ActiveCfg = Debug|Any CPU
		{2B340A09-24B9-4C42-A7A1-D2B1EFDF44D0}.Debug|Any CPU.Build.0 = Debug|Any CPU
		{2B340A09-24B9-4C42-A7A1-D2B1EFDF44D0}.Release|Any CPU.ActiveCfg = Release|Any CPU
		{2B340A09-24B9-4C42-A7A1-D2B1EFDF44D0}.Release|Any CPU.Build.0 = Release|Any CPU
		{1A2E3E78-D573-4DC9-82B9-C82F070FD010}.Debug|Any CPU.ActiveCfg = Debug|Any CPU
		{1A2E3E78-D573-4DC9-82B9-C82F070FD010}.Debug|Any CPU.Build.0 = Debug|Any CPU
		{1A2E3E78-D573-4DC9-82B9-C82F070FD010}.Release|Any CPU.ActiveCfg = Release|Any CPU
		{1A2E3E78-D573-4DC9-82B9-C82F070FD010}.Release|Any CPU.Build.0 = Release|Any CPU
		{FB7BB6B8-EC51-408B-A998-82AE28814D23}.Debug|Any CPU.ActiveCfg = Debug|Any CPU
		{FB7BB6B8-EC51-408B-A998-82AE28814D23}.Debug|Any CPU.Build.0 = Debug|Any CPU
		{FB7BB6B8-EC51-408B-A998-82AE28814D23}.Release|Any CPU.ActiveCfg = Release|Any CPU
		{FB7BB6B8-EC51-408B-A998-82AE28814D23}.Release|Any CPU.Build.0 = Release|Any CPU
		{CDAA0C4E-1A3F-48B3-B580-346AE8B2338A}.Debug|Any CPU.ActiveCfg = Debug|Any CPU
		{CDAA0C4E-1A3F-48B3-B580-346AE8B2338A}.Debug|Any CPU.Build.0 = Debug|Any CPU
		{CDAA0C4E-1A3F-48B3-B580-346AE8B2338A}.Debug|Any CPU.Deploy.0 = Debug|Any CPU
		{CDAA0C4E-1A3F-48B3-B580-346AE8B2338A}.Release|Any CPU.ActiveCfg = Release|Any CPU
		{CDAA0C4E-1A3F-48B3-B580-346AE8B2338A}.Release|Any CPU.Build.0 = Release|Any CPU
		{CDAA0C4E-1A3F-48B3-B580-346AE8B2338A}.Release|Any CPU.Deploy.0 = Release|Any CPU
		{FCEFF42E-780A-4056-A68D-B65A5668A435}.Debug|Any CPU.ActiveCfg = Debug|Any CPU
		{FCEFF42E-780A-4056-A68D-B65A5668A435}.Debug|Any CPU.Build.0 = Debug|Any CPU
		{FCEFF42E-780A-4056-A68D-B65A5668A435}.Release|Any CPU.ActiveCfg = Release|Any CPU
		{FCEFF42E-780A-4056-A68D-B65A5668A435}.Release|Any CPU.Build.0 = Release|Any CPU
	EndGlobalSection
	GlobalSection(SolutionProperties) = preSolution
		HideSolutionNode = FALSE
	EndGlobalSection
	GlobalSection(NestedProjects) = preSolution
		{22316050-0002-4D19-BEEA-A59044886DB4} = {CB76E3F1-5777-4AC7-9F69-B8C25AD54D88}
		{C7F8CE71-A3D4-4970-82A3-2D4C50E5F063} = {CB76E3F1-5777-4AC7-9F69-B8C25AD54D88}
		{367B4341-FB9A-488B-81AB-C3837756D770} = {CB76E3F1-5777-4AC7-9F69-B8C25AD54D88}
		{2CEA872C-336E-42C6-84A7-5559412292EF} = {CB76E3F1-5777-4AC7-9F69-B8C25AD54D88}
		{EAB201A9-FCC4-4E77-B848-C1D27E574278} = {22316050-0002-4D19-BEEA-A59044886DB4}
		{A33BC399-E2D1-4146-A0D2-E57C104D7F37} = {C7F8CE71-A3D4-4970-82A3-2D4C50E5F063}
		{2B340A09-24B9-4C42-A7A1-D2B1EFDF44D0} = {C7F8CE71-A3D4-4970-82A3-2D4C50E5F063}
		{1A2E3E78-D573-4DC9-82B9-C82F070FD010} = {367B4341-FB9A-488B-81AB-C3837756D770}
		{FB7BB6B8-EC51-408B-A998-82AE28814D23} = {367B4341-FB9A-488B-81AB-C3837756D770}
		{CDAA0C4E-1A3F-48B3-B580-346AE8B2338A} = {2CEA872C-336E-42C6-84A7-5559412292EF}
		{FCEFF42E-780A-4056-A68D-B65A5668A435} = {C9DCC233-92D3-47EC-BAA6-0569BBF7B102}
	EndGlobalSection
	GlobalSection(ExtensibilityGlobals) = postSolution
		SolutionGuid = {53FB3C48-2714-427D-B21B-60810CE84FB9}
	EndGlobalSection
EndGlobal
